{
  "lockfileVersion": 1,
  "workspaces": {
    "": {
      "name": "bot",
      "dependencies": {
        "@prisma/client": "^6.11.1",
        "discord.js": "^14.21.0",
        "dotenv": "^17.0.1",
        "glob": "^11.0.3",
        "winston": "^3.15.0",
      },
      "devDependencies": {
        "@types/bun": "latest",
        "prisma": "^6.11.1",
      },
      "peerDependencies": {
        "typescript": "^5",
      },
    },
  },
  "packages": {
    "@colors/colors": ["@colors/colors@1.6.0", "", {}, "sha512-Ir+AOibqzrIsL6ajt3Rz3LskB7OiMVHqltZmspbW/TJuTVuyOMirVqAkjfY6JISiLHgyNqicAC8AyHHGzNd/dA=="],

    "@dabh/diagnostics": ["@dabh/diagnostics@2.0.3", "", { "dependencies": { "colorspace": "1.1.x", "enabled": "2.0.x", "kuler": "^2.0.0" } }, "sha512-hrlQOIi7hAfzsMqlGSFyVucrx38O+j6wiGOf//H2ecvIEqYN4ADBSS2iLMh5UFyDunCNniUIPk/q3riFv45xRA=="],

    "@discordjs/builders": ["@discordjs/builders@1.11.2", "", { "dependencies": { "@discordjs/formatters": "^0.6.1", "@discordjs/util": "^1.1.1", "@sapphire/shapeshift": "^4.0.0", "discord-api-types": "^0.38.1", "fast-deep-equal": "^3.1.3", "ts-mixer": "^6.0.4", "tslib": "^2.6.3" } }, "sha512-F1WTABdd8/R9D1icJzajC4IuLyyS8f3rTOz66JsSI3pKvpCAtsMBweu8cyNYsIyvcrKAVn9EPK+Psoymq+XC0A=="],

    "@discordjs/collection": ["@discordjs/collection@1.5.3", "", {}, "sha512-SVb428OMd3WO1paV3rm6tSjM4wC+Kecaa1EUGX7vc6/fddvw/6lg90z4QtCqm21zvVe92vMMDt9+DkIvjXImQQ=="],

    "@discordjs/formatters": ["@discordjs/formatters@0.6.1", "", { "dependencies": { "discord-api-types": "^0.38.1" } }, "sha512-5cnX+tASiPCqCWtFcFslxBVUaCetB0thvM/JyavhbXInP1HJIEU+Qv/zMrnuwSsX3yWH2lVXNJZeDK3EiP4HHg=="],

    "@discordjs/rest": ["@discordjs/rest@2.5.1", "", { "dependencies": { "@discordjs/collection": "^2.1.1", "@discordjs/util": "^1.1.1", "@sapphire/async-queue": "^1.5.3", "@sapphire/snowflake": "^3.5.3", "@vladfrangu/async_event_emitter": "^2.4.6", "discord-api-types": "^0.38.1", "magic-bytes.js": "^1.10.0", "tslib": "^2.6.3", "undici": "6.21.3" } }, "sha512-Tg9840IneBcbrAjcGaQzHUJWFNq1MMWZjTdjJ0WS/89IffaNKc++iOvffucPxQTF/gviO9+9r8kEPea1X5J2Dw=="],

    "@discordjs/util": ["@discordjs/util@1.1.1", "", {}, "sha512-eddz6UnOBEB1oITPinyrB2Pttej49M9FZQY8NxgEvc3tq6ZICZ19m70RsmzRdDHk80O9NoYN/25AqJl8vPVf/g=="],

    "@discordjs/ws": ["@discordjs/ws@1.2.3", "", { "dependencies": { "@discordjs/collection": "^2.1.0", "@discordjs/rest": "^2.5.1", "@discordjs/util": "^1.1.0", "@sapphire/async-queue": "^1.5.2", "@types/ws": "^8.5.10", "@vladfrangu/async_event_emitter": "^2.2.4", "discord-api-types": "^0.38.1", "tslib": "^2.6.2", "ws": "^8.17.0" } }, "sha512-wPlQDxEmlDg5IxhJPuxXr3Vy9AjYq5xCvFWGJyD7w7Np8ZGu+Mc+97LCoEc/+AYCo2IDpKioiH0/c/mj5ZR9Uw=="],

    "@isaacs/balanced-match": ["@isaacs/balanced-match@4.0.1", "", {}, "sha512-yzMTt9lEb8Gv7zRioUilSglI0c0smZ9k5D65677DLWLtWJaXIS3CqcGyUFByYKlnUj6TkjLVs54fBl6+TiGQDQ=="],

    "@isaacs/brace-expansion": ["@isaacs/brace-expansion@5.0.0", "", { "dependencies": { "@isaacs/balanced-match": "^4.0.1" } }, "sha512-ZT55BDLV0yv0RBm2czMiZ+SqCGO7AvmOM3G/w2xhVPH+te0aKgFjmBvGlL1dH+ql2tgGO3MVrbb3jCKyvpgnxA=="],

    "@isaacs/cliui": ["@isaacs/cliui@8.0.2", "", { "dependencies": { "string-width": "^5.1.2", "string-width-cjs": "npm:string-width@^4.2.0", "strip-ansi": "^7.0.1", "strip-ansi-cjs": "npm:strip-ansi@^6.0.1", "wrap-ansi": "^8.1.0", "wrap-ansi-cjs": "npm:wrap-ansi@^7.0.0" } }, "sha512-O8jcjabXaleOG9DQ0+ARXWZBTfnP4WNAqzuiJK7ll44AmxGKv/J2M4TPjxjY3znBCfvBXFzucm1twdyFybFqEA=="],

    "@prisma/client": ["@prisma/client@6.11.1", "", { "peerDependencies": { "prisma": "*", "typescript": ">=5.1.0" }, "optionalPeers": ["prisma", "typescript"] }, "sha512-5CLFh8QP6KxRm83pJ84jaVCeSVPQr8k0L2SEtOJHwdkS57/VQDcI/wQpGmdyOZi+D9gdNabdo8tj1Uk+w+upsQ=="],

    "@prisma/config": ["@prisma/config@6.11.1", "", { "dependencies": { "jiti": "2.4.2" } }, "sha512-z6rCTQN741wxDq82cpdzx2uVykpnQIXalLhrWQSR0jlBVOxCIkz3HZnd8ern3uYTcWKfB3IpVAF7K2FU8t/8AQ=="],

    "@prisma/debug": ["@prisma/debug@6.11.1", "", {}, "sha512-lWRb/YSWu8l4Yum1UXfGLtqFzZkVS2ygkWYpgkbgMHn9XJlMITIgeMvJyX5GepChzhmxuSuiq/MY/kGFweOpGw=="],

    "@prisma/engines": ["@prisma/engines@6.11.1", "", { "dependencies": { "@prisma/debug": "6.11.1", "@prisma/engines-version": "6.11.1-1.f40f79ec31188888a2e33acda0ecc8fd10a853a9", "@prisma/fetch-engine": "6.11.1", "@prisma/get-platform": "6.11.1" } }, "sha512-6eKEcV6V8W2eZAUwX2xTktxqPM4vnx3sxz3SDtpZwjHKpC6lhOtc4vtAtFUuf5+eEqBk+dbJ9Dcaj6uQU+FNNg=="],

    "@prisma/engines-version": ["@prisma/engines-version@6.11.1-1.f40f79ec31188888a2e33acda0ecc8fd10a853a9", "", {}, "sha512-swFJTOOg4tHyOM1zB/pHb3MeH0i6t7jFKn5l+ZsB23d9AQACuIRo9MouvuKGvnDogzkcjbWnXi/NvOZ0+n5Jfw=="],

    "@prisma/fetch-engine": ["@prisma/fetch-engine@6.11.1", "", { "dependencies": { "@prisma/debug": "6.11.1", "@prisma/engines-version": "6.11.1-1.f40f79ec31188888a2e33acda0ecc8fd10a853a9", "@prisma/get-platform": "6.11.1" } }, "sha512-NBYzmkXTkj9+LxNPRSndaAeALOL1Gr3tjvgRYNqruIPlZ6/ixLeuE/5boYOewant58tnaYFZ5Ne0jFBPfGXHpQ=="],

    "@prisma/get-platform": ["@prisma/get-platform@6.11.1", "", { "dependencies": { "@prisma/debug": "6.11.1" } }, "sha512-b2Z8oV2gwvdCkFemBTFd0x4lsL4O2jLSx8lB7D+XqoFALOQZPa7eAPE1NU0Mj1V8gPHRxIsHnyUNtw2i92psUw=="],

    "@sapphire/async-queue": ["@sapphire/async-queue@1.5.5", "", {}, "sha512-cvGzxbba6sav2zZkH8GPf2oGk9yYoD5qrNWdu9fRehifgnFZJMV+nuy2nON2roRO4yQQ+v7MK/Pktl/HgfsUXg=="],

    "@sapphire/shapeshift": ["@sapphire/shapeshift@4.0.0", "", { "dependencies": { "fast-deep-equal": "^3.1.3", "lodash": "^4.17.21" } }, "sha512-d9dUmWVA7MMiKobL3VpLF8P2aeanRTu6ypG2OIaEv/ZHH/SUQ2iHOVyi5wAPjQ+HmnMuL0whK9ez8I/raWbtIg=="],

    "@sapphire/snowflake": ["@sapphire/snowflake@3.5.3", "", {}, "sha512-jjmJywLAFoWeBi1W7994zZyiNWPIiqRRNAmSERxyg93xRGzNYvGjlZ0gR6x0F4gPRi2+0O6S71kOZYyr3cxaIQ=="],

    "@types/bun": ["@types/bun@1.2.18", "", { "dependencies": { "bun-types": "1.2.18" } }, "sha512-Xf6RaWVheyemaThV0kUfaAUvCNokFr+bH8Jxp+tTZfx7dAPA8z9ePnP9S9+Vspzuxxx9JRAXhnyccRj3GyCMdQ=="],

    "@types/node": ["@types/node@24.0.10", "", { "dependencies": { "undici-types": "~7.8.0" } }, "sha512-ENHwaH+JIRTDIEEbDK6QSQntAYGtbvdDXnMXnZaZ6k13Du1dPMmprkEHIL7ok2Wl2aZevetwTAb5S+7yIF+enA=="],

    "@types/react": ["@types/react@19.1.8", "", { "dependencies": { "csstype": "^3.0.2" } }, "sha512-AwAfQ2Wa5bCx9WP8nZL2uMZWod7J7/JSplxbTmBQ5ms6QpqNYm672H0Vu9ZVKVngQ+ii4R/byguVEUZQyeg44g=="],

    "@types/triple-beam": ["@types/triple-beam@1.3.5", "", {}, "sha512-6WaYesThRMCl19iryMYP7/x2OVgCtbIVflDGFpWnb9irXI3UjYE4AzmYuiUKY1AJstGijoY+MgUszMgRxIYTYw=="],

    "@types/ws": ["@types/ws@8.18.1", "", { "dependencies": { "@types/node": "*" } }, "sha512-ThVF6DCVhA8kUGy+aazFQ4kXQ7E1Ty7A3ypFOe0IcJV8O/M511G99AW24irKrW56Wt44yG9+ij8FaqoBGkuBXg=="],

    "@vladfrangu/async_event_emitter": ["@vladfrangu/async_event_emitter@2.4.6", "", {}, "sha512-RaI5qZo6D2CVS6sTHFKg1v5Ohq/+Bo2LZ5gzUEwZ/WkHhwtGTCB/sVLw8ijOkAUxasZ+WshN/Rzj4ywsABJ5ZA=="],

    "ansi-regex": ["ansi-regex@6.1.0", "", {}, "sha512-7HSX4QQb4CspciLpVFwyRe79O3xsIZDDLER21kERQ71oaPodF8jL725AgJMFAYbooIqolJoRLuM81SpeUkpkvA=="],

    "ansi-styles": ["ansi-styles@6.2.1", "", {}, "sha512-bN798gFfQX+viw3R7yrGWRqnrN2oRkEkUjjl4JNn4E8GxxbjtG3FbrEIIY3l8/hrwUwIeCZvi4QuOTP4MErVug=="],

    "async": ["async@3.2.6", "", {}, "sha512-htCUDlxyyCLMgaM3xXg0C0LW2xqfuQ6p05pCEIsXuyQ+a1koYKTuBMzRNwmybfLgvJDMd0r1LTn4+E0Ti6C2AA=="],

    "bun-types": ["bun-types@1.2.18", "", { "dependencies": { "@types/node": "*" }, "peerDependencies": { "@types/react": "^19" } }, "sha512-04+Eha5NP7Z0A9YgDAzMk5PHR16ZuLVa83b26kH5+cp1qZW4F6FmAURngE7INf4tKOvCE69vYvDEwoNl1tGiWw=="],

    "color": ["color@3.2.1", "", { "dependencies": { "color-convert": "^1.9.3", "color-string": "^1.6.0" } }, "sha512-aBl7dZI9ENN6fUGC7mWpMTPNHmWUSNan9tuWN6ahh5ZLNk9baLJOnSMlrQkHcrfFgz2/RigjUVAjdx36VcemKA=="],

    "color-convert": ["color-convert@1.9.3", "", { "dependencies": { "color-name": "1.1.3" } }, "sha512-QfAUtd+vFdAtFQcC8CCyYt1fYWxSqAiK2cSD6zDB8N3cpsEBAvRxp9zOGg6G/SHHJYAT88/az/IuDGALsNVbGg=="],

    "color-name": ["color-name@1.1.3", "", {}, "sha512-72fSenhMw2HZMTVHeCA9KCmpEIbzWiQsjN+BHcBbS9vr1mtt+vJjPdksIBNUmKAW8TFUDPJK5SUU3QhE9NEXDw=="],

    "color-string": ["color-string@1.9.1", "", { "dependencies": { "color-name": "^1.0.0", "simple-swizzle": "^0.2.2" } }, "sha512-shrVawQFojnZv6xM40anx4CkoDP+fZsw/ZerEMsW/pyzsRbElpsL/DBVW7q3ExxwusdNXI3lXpuhEZkzs8p5Eg=="],

    "colorspace": ["colorspace@1.1.4", "", { "dependencies": { "color": "^3.1.3", "text-hex": "1.0.x" } }, "sha512-BgvKJiuVu1igBUF2kEjRCZXol6wiiGbY5ipL/oVPwm0BL9sIpMIzM8IK7vwuxIIzOXMV3Ey5w+vxhm0rR/TN8w=="],

    "cross-spawn": ["cross-spawn@7.0.6", "", { "dependencies": { "path-key": "^3.1.0", "shebang-command": "^2.0.0", "which": "^2.0.1" } }, "sha512-uV2QOWP2nWzsy2aMp8aRibhi9dlzF5Hgh5SHaB9OiTGEyDTiJJyx0uy51QXdyWbtAHNua4XJzUKca3OzKUd3vA=="],

    "csstype": ["csstype@3.1.3", "", {}, "sha512-M1uQkMl8rQK/szD0LNhtqxIPLpimGm8sOBwU7lLnCpSbTyY3yeU1Vc7l4KT5zT4s/yOxHH5O7tIuuLOCnLADRw=="],

    "discord-api-types": ["discord-api-types@0.38.15", "", {}, "sha512-RX3skyRH7p6BlHOW62ztdnIc87+wv4TEJEURMir5k5BbRJ10wK1MCqFEO6USHTol3gkiHLE6wWoHhNQ2pqB4AA=="],

    "discord.js": ["discord.js@14.21.0", "", { "dependencies": { "@discordjs/builders": "^1.11.2", "@discordjs/collection": "1.5.3", "@discordjs/formatters": "^0.6.1", "@discordjs/rest": "^2.5.1", "@discordjs/util": "^1.1.1", "@discordjs/ws": "^1.2.3", "@sapphire/snowflake": "3.5.3", "discord-api-types": "^0.38.1", "fast-deep-equal": "3.1.3", "lodash.snakecase": "4.1.1", "magic-bytes.js": "^1.10.0", "tslib": "^2.6.3", "undici": "6.21.3" } }, "sha512-U5w41cEmcnSfwKYlLv5RJjB8Joa+QJyRwIJz5i/eg+v2Qvv6EYpCRhN9I2Rlf0900LuqSDg8edakUATrDZQncQ=="],

    "dotenv": ["dotenv@17.0.1", "", {}, "sha512-GLjkduuAL7IMJg/ZnOPm9AnWKJ82mSE2tzXLaJ/6hD6DhwGfZaXG77oB8qbReyiczNxnbxQKyh0OE5mXq0bAHA=="],

    "eastasianwidth": ["eastasianwidth@0.2.0", "", {}, "sha512-I88TYZWc9XiYHRQ4/3c5rjjfgkjhLyW2luGIheGERbNQ6OY7yTybanSpDXZa8y7VUP9YmDcYa+eyq4ca7iLqWA=="],

    "emoji-regex": ["emoji-regex@9.2.2", "", {}, "sha512-L18DaJsXSUk2+42pv8mLs5jJT2hqFkFE4j21wOmgbUqsZ2hL72NsUU785g9RXgo3s0ZNgVl42TiHp3ZtOv/Vyg=="],

    "enabled": ["enabled@2.0.0", "", {}, "sha512-AKrN98kuwOzMIdAizXGI86UFBoo26CL21UM763y1h/GMSJ4/OHU9k2YlsmBpyScFo/wbLzWQJBMCW4+IO3/+OQ=="],

    "fast-deep-equal": ["fast-deep-equal@3.1.3", "", {}, "sha512-f3qQ9oQy9j2AhBe/H9VC91wLmKBCCU/gDOnKNAYG5hswO7BLKj09Hc5HYNz9cGI++xlpDCIgDaitVs03ATR84Q=="],

    "fecha": ["fecha@4.2.3", "", {}, "sha512-OP2IUU6HeYKJi3i0z4A19kHMQoLVs4Hc+DPqqxI2h/DPZHTm/vjsfC6P0b4jCMy14XizLBqvndQ+UilD7707Jw=="],

    "fn.name": ["fn.name@1.1.0", "", {}, "sha512-GRnmB5gPyJpAhTQdSZTSp9uaPSvl09KoYcMQtsB9rQoOmzs9dH6ffeccH+Z+cv6P68Hu5bC6JjRh4Ah/mHSNRw=="],

    "foreground-child": ["foreground-child@3.3.1", "", { "dependencies": { "cross-spawn": "^7.0.6", "signal-exit": "^4.0.1" } }, "sha512-gIXjKqtFuWEgzFRJA9WCQeSJLZDjgJUOMCMzxtvFq/37KojM1BFGufqsCy0r4qSQmYLsZYMeyRqzIWOMup03sw=="],

    "glob": ["glob@11.0.3", "", { "dependencies": { "foreground-child": "^3.3.1", "jackspeak": "^4.1.1", "minimatch": "^10.0.3", "minipass": "^7.1.2", "package-json-from-dist": "^1.0.0", "path-scurry": "^2.0.0" }, "bin": { "glob": "dist/esm/bin.mjs" } }, "sha512-2Nim7dha1KVkaiF4q6Dj+ngPPMdfvLJEOpZk/jKiUAkqKebpGAWQXAq9z1xu9HKu5lWfqw/FASuccEjyznjPaA=="],

    "inherits": ["inherits@2.0.4", "", {}, "sha512-k/vGaX4/Yla3WzyMCvTQOXYeIHvqOKtnqBduzTHpzpQZzAskKMhZ2K+EnBiSM9zGSoIFeMpXKxa4dYeZIQqewQ=="],

    "is-arrayish": ["is-arrayish@0.3.2", "", {}, "sha512-eVRqCvVlZbuw3GrM63ovNSNAeA1K16kaR/LRY/92w0zxQ5/1YzwblUX652i4Xs9RwAGjW9d9y6X88t8OaAJfWQ=="],

    "is-fullwidth-code-point": ["is-fullwidth-code-point@3.0.0", "", {}, "sha512-zymm5+u+sCsSWyD9qNaejV3DFvhCKclKdizYaJUuHA83RLjb7nSuGnddCHGv0hk+KY7BMAlsWeK4Ueg6EV6XQg=="],

    "is-stream": ["is-stream@2.0.1", "", {}, "sha512-hFoiJiTl63nn+kstHGBtewWSKnQLpyb155KHheA1l39uvtO9nWIop1p3udqPcUd/xbF1VLMO4n7OI6p7RbngDg=="],

    "isexe": ["isexe@2.0.0", "", {}, "sha512-RHxMLp9lnKHGHRng9QFhRCMbYAcVpn69smSGcq3f36xjgVVWThj4qqLbTLlq7Ssj8B+fIQ1EuCEGI2lKsyQeIw=="],

    "jackspeak": ["jackspeak@4.1.1", "", { "dependencies": { "@isaacs/cliui": "^8.0.2" } }, "sha512-zptv57P3GpL+O0I7VdMJNBZCu+BPHVQUk55Ft8/QCJjTVxrnJHuVuX/0Bl2A6/+2oyR/ZMEuFKwmzqqZ/U5nPQ=="],

    "jiti": ["jiti@2.4.2", "", { "bin": { "jiti": "lib/jiti-cli.mjs" } }, "sha512-rg9zJN+G4n2nfJl5MW3BMygZX56zKPNVEYYqq7adpmMh4Jn2QNEwhvQlFy6jPVdcod7txZtKHWnyZiA3a0zP7A=="],

    "kuler": ["kuler@2.0.0", "", {}, "sha512-Xq9nH7KlWZmXAtodXDDRE7vs6DU1gTU8zYDHDiWLSip45Egwq3plLHzPn27NgvzL2r1LMPC1vdqh98sQxtqj4A=="],

    "lodash": ["lodash@4.17.21", "", {}, "sha512-v2kDEe57lecTulaDIuNTPy3Ry4gLGJ6Z1O3vE1krgXZNrsQ+LFTGHVxVjcXPs17LhbZVGedAJv8XZ1tvj5FvSg=="],

    "lodash.snakecase": ["lodash.snakecase@4.1.1", "", {}, "sha512-QZ1d4xoBHYUeuouhEq3lk3Uq7ldgyFXGBhg04+oRLnIz8o9T65Eh+8YdroUwn846zchkA9yDsDl5CVVaV2nqYw=="],

    "logform": ["logform@2.7.0", "", { "dependencies": { "@colors/colors": "1.6.0", "@types/triple-beam": "^1.3.2", "fecha": "^4.2.0", "ms": "^2.1.1", "safe-stable-stringify": "^2.3.1", "triple-beam": "^1.3.0" } }, "sha512-TFYA4jnP7PVbmlBIfhlSe+WKxs9dklXMTEGcBCIvLhE/Tn3H6Gk1norupVW7m5Cnd4bLcr08AytbyV/xj7f/kQ=="],

    "lru-cache": ["lru-cache@11.1.0", "", {}, "sha512-QIXZUBJUx+2zHUdQujWejBkcD9+cs94tLn0+YL8UrCh+D5sCXZ4c7LaEH48pNwRY3MLDgqUFyhlCyjJPf1WP0A=="],

    "magic-bytes.js": ["magic-bytes.js@1.12.1", "", {}, "sha512-ThQLOhN86ZkJ7qemtVRGYM+gRgR8GEXNli9H/PMvpnZsE44Xfh3wx9kGJaldg314v85m+bFW6WBMaVHJc/c3zA=="],

    "minimatch": ["minimatch@10.0.3", "", { "dependencies": { "@isaacs/brace-expansion": "^5.0.0" } }, "sha512-IPZ167aShDZZUMdRk66cyQAW3qr0WzbHkPdMYa8bzZhlHhO3jALbKdxcaak7W9FfT2rZNpQuUu4Od7ILEpXSaw=="],

    "minipass": ["minipass@7.1.2", "", {}, "sha512-qOOzS1cBTWYF4BH8fVePDBOO9iptMnGUEZwNc/cMWnTV2nVLZ7VoNWEPHkYczZA0pdoA7dl6e7FL659nX9S2aw=="],

    "ms": ["ms@2.1.3", "", {}, "sha512-6FlzubTLZG3J2a/NVCAleEhjzq5oxgHyaCU9yYXvcLsvoVaHJq/s5xXI6/XXP6tz7R9xAOtHnSO/tXtF3WRTlA=="],

    "one-time": ["one-time@1.0.0", "", { "dependencies": { "fn.name": "1.x.x" } }, "sha512-5DXOiRKwuSEcQ/l0kGCF6Q3jcADFv5tSmRaJck/OqkVFcOzutB134KRSfF0xDrL39MNnqxbHBbUUcjZIhTgb2g=="],

    "package-json-from-dist": ["package-json-from-dist@1.0.1", "", {}, "sha512-UEZIS3/by4OC8vL3P2dTXRETpebLI2NiI5vIrjaD/5UtrkFX/tNbwjTSRAGC/+7CAo2pIcBaRgWmcBBHcsaCIw=="],

    "path-key": ["path-key@3.1.1", "", {}, "sha512-ojmeN0qd+y0jszEtoY48r0Peq5dwMEkIlCOu6Q5f41lfkswXuKtYrhgoTpLnyIcHm24Uhqx+5Tqm2InSwLhE6Q=="],

    "path-scurry": ["path-scurry@2.0.0", "", { "dependencies": { "lru-cache": "^11.0.0", "minipass": "^7.1.2" } }, "sha512-ypGJsmGtdXUOeM5u93TyeIEfEhM6s+ljAhrk5vAvSx8uyY/02OvrZnA0YNGUrPXfpJMgI1ODd3nwz8Npx4O4cg=="],

    "prisma": ["prisma@6.11.1", "", { "dependencies": { "@prisma/config": "6.11.1", "@prisma/engines": "6.11.1" }, "peerDependencies": { "typescript": ">=5.1.0" }, "optionalPeers": ["typescript"], "bin": { "prisma": "build/index.js" } }, "sha512-VzJToRlV0s9Vu2bfqHiRJw73hZNCG/AyJeX+kopbu4GATTjTUdEWUteO3p4BLYoHpMS4o8pD3v6tF44BHNZI1w=="],

    "readable-stream": ["readable-stream@3.6.2", "", { "dependencies": { "inherits": "^2.0.3", "string_decoder": "^1.1.1", "util-deprecate": "^1.0.1" } }, "sha512-9u/sniCrY3D5WdsERHzHE4G2YCXqoG5FTHUiCC4SIbr6XcLZBY05ya9EKjYek9O5xOAwjGq+1JdGBAS7Q9ScoA=="],

    "safe-buffer": ["safe-buffer@5.2.1", "", {}, "sha512-rp3So07KcdmmKbGvgaNxQSJr7bGVSVk5S9Eq1F+ppbRo70+YeaDxkw5Dd8NPN+GD6bjnYm2VuPuCXmpuYvmCXQ=="],

    "safe-stable-stringify": ["safe-stable-stringify@2.5.0", "", {}, "sha512-b3rppTKm9T+PsVCBEOUR46GWI7fdOs00VKZ1+9c1EWDaDMvjQc6tUwuFyIprgGgTcWoVHSKrU8H31ZHA2e0RHA=="],

    "shebang-command": ["shebang-command@2.0.0", "", { "dependencies": { "shebang-regex": "^3.0.0" } }, "sha512-kHxr2zZpYtdmrN1qDjrrX/Z1rR1kG8Dx+gkpK1G4eXmvXswmcE1hTWBWYUzlraYw1/yZp6YuDY77YtvbN0dmDA=="],

    "shebang-regex": ["shebang-regex@3.0.0", "", {}, "sha512-7++dFhtcx3353uBaq8DDR4NuxBetBzC7ZQOhmTQInHEd6bSrXdiEyzCvG07Z44UYdLShWUyXt5M/yhz8ekcb1A=="],

    "signal-exit": ["signal-exit@4.1.0", "", {}, "sha512-bzyZ1e88w9O1iNJbKnOlvYTrWPDl46O1bG0D3XInv+9tkPrxrN8jUUTiFlDkkmKWgn1M6CfIA13SuGqOa9Korw=="],

    "simple-swizzle": ["simple-swizzle@0.2.2", "", { "dependencies": { "is-arrayish": "^0.3.1" } }, "sha512-JA//kQgZtbuY83m+xT+tXJkmJncGMTFT+C+g2h2R9uxkYIrE2yy9sgmcLhCnw57/WSD+Eh3J97FPEDFnbXnDUg=="],

    "stack-trace": ["stack-trace@0.0.10", "", {}, "sha512-KGzahc7puUKkzyMt+IqAep+TVNbKP+k2Lmwhub39m1AsTSkaDutx56aDCo+HLDzf/D26BIHTJWNiTG1KAJiQCg=="],

    "string-width": ["string-width@5.1.2", "", { "dependencies": { "eastasianwidth": "^0.2.0", "emoji-regex": "^9.2.2", "strip-ansi": "^7.0.1" } }, "sha512-HnLOCR3vjcY8beoNLtcjZ5/nxn2afmME6lhrDrebokqMap+XbeW8n9TXpPDOqdGK5qcI3oT0GKTW6wC7EMiVqA=="],

    "string-width-cjs": ["string-width@4.2.3", "", { "dependencies": { "emoji-regex": "^8.0.0", "is-fullwidth-code-point": "^3.0.0", "strip-ansi": "^6.0.1" } }, "sha512-wKyQRQpjJ0sIp62ErSZdGsjMJWsap5oRNihHhu6G7JVO/9jIB6UyevL+tXuOqrng8j/cxKTWyWUwvSTriiZz/g=="],

    "string_decoder": ["string_decoder@1.3.0", "", { "dependencies": { "safe-buffer": "~5.2.0" } }, "sha512-hkRX8U1WjJFd8LsDJ2yQ/wWWxaopEsABU1XfkM8A+j0+85JAGppt16cr1Whg6KIbb4okU6Mql6BOj+uup/wKeA=="],

    "strip-ansi": ["strip-ansi@7.1.0", "", { "dependencies": { "ansi-regex": "^6.0.1" } }, "sha512-iq6eVVI64nQQTRYq2KtEg2d2uU7LElhTJwsH4YzIHZshxlgZms/wIc4VoDQTlG/IvVIrBKG06CrZnp0qv7hkcQ=="],

    "strip-ansi-cjs": ["strip-ansi@6.0.1", "", { "dependencies": { "ansi-regex": "^5.0.1" } }, "sha512-Y38VPSHcqkFrCpFnQ9vuSXmquuv5oXOKpGeT6aGrr3o3Gc9AlVa6JBfUSOCnbxGGZF+/0ooI7KrPuUSztUdU5A=="],

    "text-hex": ["text-hex@1.0.0", "", {}, "sha512-uuVGNWzgJ4yhRaNSiubPY7OjISw4sw4E5Uv0wbjp+OzcbmVU/rsT8ujgcXJhn9ypzsgr5vlzpPqP+MBBKcGvbg=="],

    "triple-beam": ["triple-beam@1.4.1", "", {}, "sha512-aZbgViZrg1QNcG+LULa7nhZpJTZSLm/mXnHXnbAbjmN5aSa0y7V+wvv6+4WaBtpISJzThKy+PIPxc1Nq1EJ9mg=="],

    "ts-mixer": ["ts-mixer@6.0.4", "", {}, "sha512-ufKpbmrugz5Aou4wcr5Wc1UUFWOLhq+Fm6qa6P0w0K5Qw2yhaUoiWszhCVuNQyNwrlGiscHOmqYoAox1PtvgjA=="],

    "tslib": ["tslib@2.8.1", "", {}, "sha512-oJFu94HQb+KVduSUQL7wnpmqnfmLsOA/nAh6b6EH0wCEoK0/mPeXU6c3wKDV83MkOuHPRHtSXKKU99IBazS/2w=="],

    "typescript": ["typescript@5.8.3", "", { "bin": { "tsc": "bin/tsc", "tsserver": "bin/tsserver" } }, "sha512-p1diW6TqL9L07nNxvRMM7hMMw4c5XOo/1ibL4aAIGmSAt9slTE1Xgw5KWuof2uTOvCg9BY7ZRi+GaF+7sfgPeQ=="],

    "undici": ["undici@6.21.3", "", {}, "sha512-gBLkYIlEnSp8pFbT64yFgGE6UIB9tAkhukC23PmMDCe5Nd+cRqKxSjw5y54MK2AZMgZfJWMaNE4nYUHgi1XEOw=="],

    "undici-types": ["undici-types@7.8.0", "", {}, "sha512-9UJ2xGDvQ43tYyVMpuHlsgApydB8ZKfVYTsLDhXkFL/6gfkp+U8xTGdh8pMJv1SpZna0zxG1DwsKZsreLbXBxw=="],

    "util-deprecate": ["util-deprecate@1.0.2", "", {}, "sha512-EPD5q1uXyFxJpCrLnCc1nHnq3gOa6DZBocAIiI2TaSCA7VCJ1UJDMagCzIkXNsUYfD1daK//LTEQ8xiIbrHtcw=="],

    "which": ["which@2.0.2", "", { "dependencies": { "isexe": "^2.0.0" }, "bin": { "node-which": "./bin/node-which" } }, "sha512-BLI3Tl1TW3Pvl70l3yq3Y64i+awpwXqsGBYWkkqMtnbXgrMD+yj7rhW0kuEDxzJaYXGjEW5ogapKNMEKNMjibA=="],

    "winston": ["winston@3.17.0", "", { "dependencies": { "@colors/colors": "^1.6.0", "@dabh/diagnostics": "^2.0.2", "async": "^3.2.3", "is-stream": "^2.0.0", "logform": "^2.7.0", "one-time": "^1.0.0", "readable-stream": "^3.4.0", "safe-stable-stringify": "^2.3.1", "stack-trace": "0.0.x", "triple-beam": "^1.3.0", "winston-transport": "^4.9.0" } }, "sha512-DLiFIXYC5fMPxaRg832S6F5mJYvePtmO5G9v9IgUFPhXm9/GkXarH/TUrBAVzhTCzAj9anE/+GjrgXp/54nOgw=="],

    "winston-transport": ["winston-transport@4.9.0", "", { "dependencies": { "logform": "^2.7.0", "readable-stream": "^3.6.2", "triple-beam": "^1.3.0" } }, "sha512-8drMJ4rkgaPo1Me4zD/3WLfI/zPdA9o2IipKODunnGDcuqbHwjsbB79ylv04LCGGzU0xQ6vTznOMpQGaLhhm6A=="],

    "wrap-ansi": ["wrap-ansi@8.1.0", "", { "dependencies": { "ansi-styles": "^6.1.0", "string-width": "^5.0.1", "strip-ansi": "^7.0.1" } }, "sha512-si7QWI6zUMq56bESFvagtmzMdGOtoxfR+Sez11Mobfc7tm+VkUckk9bW2UeffTGVUbOksxmSw0AA2gs8g71NCQ=="],

    "wrap-ansi-cjs": ["wrap-ansi@7.0.0", "", { "dependencies": { "ansi-styles": "^4.0.0", "string-width": "^4.1.0", "strip-ansi": "^6.0.0" } }, "sha512-YVGIj2kamLSTxw6NsZjoBxfSwsn0ycdesmc4p+Q21c5zPuZ1pl+NfxVdxPtdHvmNVOQ6XSYG4AUtyt/Fi7D16Q=="],

    "ws": ["ws@8.18.3", "", { "peerDependencies": { "bufferutil": "^4.0.1", "utf-8-validate": ">=5.0.2" }, "optionalPeers": ["bufferutil", "utf-8-validate"] }, "sha512-PEIGCY5tSlUt50cqyMXfCzX+oOPqN0vuGqWzbcJ2xvnkzkq46oOpz7dQaTDBdfICb4N14+GARUDw2XV2N4tvzg=="],

    "@discordjs/rest/@discordjs/collection": ["@discordjs/collection@2.1.1", "", {}, "sha512-LiSusze9Tc7qF03sLCujF5iZp7K+vRNEDBZ86FT9aQAv3vxMLihUvKvpsCWiQ2DJq1tVckopKm1rxomgNUc9hg=="],

    "@discordjs/ws/@discordjs/collection": ["@discordjs/collection@2.1.1", "", {}, "sha512-LiSusze9Tc7qF03sLCujF5iZp7K+vRNEDBZ86FT9aQAv3vxMLihUvKvpsCWiQ2DJq1tVckopKm1rxomgNUc9hg=="],

    "color-string/color-name": ["color-name@1.1.4", "", {}, "sha512-dOy+3AuW3a2wNbZHIuMZpTcgjGuLU/uBL/ubcZF9OXbDo8ff4O8yVp5Bf0efS8uEoYo5q4Fx7dY9OgQGXgAsQA=="],

    "string-width-cjs/emoji-regex": ["emoji-regex@8.0.0", "", {}, "sha512-MSjYzcWNOA0ewAHpz0MxpYFvwg6yjy1NG3xteoqz644VCo/RPgnr1/GGt+ic3iJTzQ8Eu3TdM14SawnVUmGE6A=="],

    "string-width-cjs/strip-ansi": ["strip-ansi@6.0.1", "", { "dependencies": { "ansi-regex": "^5.0.1" } }, "sha512-Y38VPSHcqkFrCpFnQ9vuSXmquuv5oXOKpGeT6aGrr3o3Gc9AlVa6JBfUSOCnbxGGZF+/0ooI7KrPuUSztUdU5A=="],

    "strip-ansi-cjs/ansi-regex": ["ansi-regex@5.0.1", "", {}, "sha512-quJQXlTSUGL2LH9SUXo8VwsY4soanhgo6LNSm84E1LBcE8s3O0wpdiRzyR9z/ZZJMlMWv37qOOb9pdJlMUEKFQ=="],

    "wrap-ansi-cjs/ansi-styles": ["ansi-styles@4.3.0", "", { "dependencies": { "color-convert": "^2.0.1" } }, "sha512-zbB9rCJAT1rbjiVDb2hqKFHNYLxgtk8NURxZ3IZwD3F6NtxbXZQCnnSi1Lkx+IDohdPlFp222wVALIheZJQSEg=="],

    "wrap-ansi-cjs/string-width": ["string-width@4.2.3", "", { "dependencies": { "emoji-regex": "^8.0.0", "is-fullwidth-code-point": "^3.0.0", "strip-ansi": "^6.0.1" } }, "sha512-wKyQRQpjJ0sIp62ErSZdGsjMJWsap5oRNihHhu6G7JVO/9jIB6UyevL+tXuOqrng8j/cxKTWyWUwvSTriiZz/g=="],

    "wrap-ansi-cjs/strip-ansi": ["strip-ansi@6.0.1", "", { "dependencies": { "ansi-regex": "^5.0.1" } }, "sha512-Y38VPSHcqkFrCpFnQ9vuSXmquuv5oXOKpGeT6aGrr3o3Gc9AlVa6JBfUSOCnbxGGZF+/0ooI7KrPuUSztUdU5A=="],

    "string-width-cjs/strip-ansi/ansi-regex": ["ansi-regex@5.0.1", "", {}, "sha512-quJQXlTSUGL2LH9SUXo8VwsY4soanhgo6LNSm84E1LBcE8s3O0wpdiRzyR9z/ZZJMlMWv37qOOb9pdJlMUEKFQ=="],

    "wrap-ansi-cjs/ansi-styles/color-convert": ["color-convert@2.0.1", "", { "dependencies": { "color-name": "~1.1.4" } }, "sha512-RRECPsj7iu/xb5oKYcsFHSppFNnsj/52OVTRKb4zP5onXwVF3zVmmToNcOfGC+CRDpfK/U584fMg38ZHCaElKQ=="],

    "wrap-ansi-cjs/string-width/emoji-regex": ["emoji-regex@8.0.0", "", {}, "sha512-MSjYzcWNOA0ewAHpz0MxpYFvwg6yjy1NG3xteoqz644VCo/RPgnr1/GGt+ic3iJTzQ8Eu3TdM14SawnVUmGE6A=="],

    "wrap-ansi-cjs/strip-ansi/ansi-regex": ["ansi-regex@5.0.1", "", {}, "sha512-quJQXlTSUGL2LH9SUXo8VwsY4soanhgo6LNSm84E1LBcE8s3O0wpdiRzyR9z/ZZJMlMWv37qOOb9pdJlMUEKFQ=="],

    "wrap-ansi-cjs/ansi-styles/color-convert/color-name": ["color-name@1.1.4", "", {}, "sha512-dOy+3AuW3a2wNbZHIuMZpTcgjGuLU/uBL/ubcZF9OXbDo8ff4O8yVp5Bf0efS8uEoYo5q4Fx7dY9OgQGXgAsQA=="],
  }
}
